// !$*UTF8*$!
{
	archiveVersion = 1;
	classes = {
	};
	objectVersion = 46;
	objects = {

/* Begin PBXBuildFile section */
		6D1FB5331AA486EC00B622EE /* Main.storyboard in Resources */ = {isa = PBXBuildFile; fileRef = 6D1FB5321AA486EC00B622EE /* Main.storyboard */; };
		6D64DE231A9EFDF600DCE236 /* CopyDetail.m in Sources */ = {isa = PBXBuildFile; fileRef = 6D64DE221A9EFDF600DCE236 /* CopyDetail.m */; };
		6D83CEA31AAD66C000702ACD /* CustomTableViewCell.m in Sources */ = {isa = PBXBuildFile; fileRef = 6D83CEA21AAD66C000702ACD /* CustomTableViewCell.m */; };
		6D83CEA61AAD68E500702ACD /* CustomCell.xib in Resources */ = {isa = PBXBuildFile; fileRef = 6D83CEA51AAD68E500702ACD /* CustomCell.xib */; };
		6DC9E05F1AB579E5002F4588 /* TableViewCell2.m in Sources */ = {isa = PBXBuildFile; fileRef = 6DC9E05E1AB579E5002F4588 /* TableViewCell2.m */; };
		6DC9E0611AB57A5C002F4588 /* customcell2.xib in Resources */ = {isa = PBXBuildFile; fileRef = 6DC9E0601AB57A5C002F4588 /* customcell2.xib */; };
		6DD977661A96FCF600BE04F9 /* main.m in Sources */ = {isa = PBXBuildFile; fileRef = 6DD977651A96FCF600BE04F9 /* main.m */; };
		6DD977691A96FCF600BE04F9 /* AppDelegate.m in Sources */ = {isa = PBXBuildFile; fileRef = 6DD977681A96FCF600BE04F9 /* AppDelegate.m */; };
		6DD9776C1A96FCF600BE04F9 /* ViewController.m in Sources */ = {isa = PBXBuildFile; fileRef = 6DD9776B1A96FCF600BE04F9 /* ViewController.m */; };
		6DD977711A96FCF600BE04F9 /* Images.xcassets in Resources */ = {isa = PBXBuildFile; fileRef = 6DD977701A96FCF600BE04F9 /* Images.xcassets */; };
		6DD977741A96FCF600BE04F9 /* LaunchScreen.xib in Resources */ = {isa = PBXBuildFile; fileRef = 6DD977721A96FCF600BE04F9 /* LaunchScreen.xib */; };
		6DD977801A96FCF600BE04F9 /* memorizerTests.m in Sources */ = {isa = PBXBuildFile; fileRef = 6DD9777F1A96FCF600BE04F9 /* memorizerTests.m */; };
		6DD9778B1A96FEC700BE04F9 /* WebViewDetail.m in Sources */ = {isa = PBXBuildFile; fileRef = 6DD9778A1A96FEC700BE04F9 /* WebViewDetail.m */; };
/* End PBXBuildFile section */

/* Begin PBXContainerItemProxy section */
		6DD9777A1A96FCF600BE04F9 /* PBXContainerItemProxy */ = {
			isa = PBXContainerItemProxy;
			containerPortal = 6DD977581A96FCF600BE04F9 /* Project object */;
			proxyType = 1;
			remoteGlobalIDString = 6DD9775F1A96FCF600BE04F9;
			remoteInfo = memorizer;
		};
/* End PBXContainerItemProxy section */

/* Begin PBXFileReference section */
		6D1FB5321AA486EC00B622EE /* Main.storyboard */ = {isa = PBXFileReference; fileEncoding = 4; lastKnownFileType = file.storyboard; name = Main.storyboard; path = ../../../.Trash/Main.storyboard; sourceTree = "<group>"; };
		6D64DE211A9EFDF600DCE236 /* CopyDetail.h */ = {isa = PBXFileReference; fileEncoding = 4; lastKnownFileType = sourcecode.c.h; path = CopyDetail.h; sourceTree = "<group>"; };
		6D64DE221A9EFDF600DCE236 /* CopyDetail.m */ = {isa = PBXFileReference; fileEncoding = 4; lastKnownFileType = sourcecode.c.objc; path = CopyDetail.m; sourceTree = "<group>"; };
		6D83CEA11AAD66C000702ACD /* CustomTableViewCell.h */ = {isa = PBXFileReference; fileEncoding = 4; lastKnownFileType = sourcecode.c.h; path = CustomTableViewCell.h; sourceTree = "<group>"; };
		6D83CEA21AAD66C000702ACD /* CustomTableViewCell.m */ = {isa = PBXFileReference; fileEncoding = 4; lastKnownFileType = sourcecode.c.objc; path = CustomTableViewCell.m; sourceTree = "<group>"; };
		6D83CEA51AAD68E500702ACD /* CustomCell.xib */ = {isa = PBXFileReference; fileEncoding = 4; lastKnownFileType = file.xib; path = CustomCell.xib; sourceTree = "<group>"; };
		6D83CEAB1AAD6A3000702ACD /* Const.h */ = {isa = PBXFileReference; fileEncoding = 4; lastKnownFileType = sourcecode.c.h; path = Const.h; sourceTree = "<group>"; };
		6DC9E05D1AB579E5002F4588 /* TableViewCell2.h */ = {isa = PBXFileReference; fileEncoding = 4; lastKnownFileType = sourcecode.c.h; path = TableViewCell2.h; sourceTree = "<group>"; };
		6DC9E05E1AB579E5002F4588 /* TableViewCell2.m */ = {isa = PBXFileReference; fileEncoding = 4; lastKnownFileType = sourcecode.c.objc; path = TableViewCell2.m; sourceTree = "<group>"; };
		6DC9E0601AB57A5C002F4588 /* customcell2.xib */ = {isa = PBXFileReference; fileEncoding = 4; lastKnownFileType = file.xib; path = customcell2.xib; sourceTree = "<group>"; };
		6DD977601A96FCF600BE04F9 /* memorizer.app */ = {isa = PBXFileReference; explicitFileType = wrapper.application; includeInIndex = 0; path = memorizer.app; sourceTree = BUILT_PRODUCTS_DIR; };
		6DD977641A96FCF600BE04F9 /* Info.plist */ = {isa = PBXFileReference; lastKnownFileType = text.plist.xml; path = Info.plist; sourceTree = "<group>"; };
		6DD977651A96FCF600BE04F9 /* main.m */ = {isa = PBXFileReference; lastKnownFileType = sourcecode.c.objc; path = main.m; sourceTree = "<group>"; };
		6DD977671A96FCF600BE04F9 /* AppDelegate.h */ = {isa = PBXFileReference; lastKnownFileType = sourcecode.c.h; path = AppDelegate.h; sourceTree = "<group>"; };
		6DD977681A96FCF600BE04F9 /* AppDelegate.m */ = {isa = PBXFileReference; lastKnownFileType = sourcecode.c.objc; path = AppDelegate.m; sourceTree = "<group>"; };
		6DD9776A1A96FCF600BE04F9 /* ViewController.h */ = {isa = PBXFileReference; lastKnownFileType = sourcecode.c.h; path = ViewController.h; sourceTree = "<group>"; };
		6DD9776B1A96FCF600BE04F9 /* ViewController.m */ = {isa = PBXFileReference; lastKnownFileType = sourcecode.c.objc; path = ViewController.m; sourceTree = "<group>"; };
		6DD977701A96FCF600BE04F9 /* Images.xcassets */ = {isa = PBXFileReference; lastKnownFileType = folder.assetcatalog; path = Images.xcassets; sourceTree = "<group>"; };
		6DD977731A96FCF600BE04F9 /* Base */ = {isa = PBXFileReference; lastKnownFileType = file.xib; name = Base; path = Base.lproj/LaunchScreen.xib; sourceTree = "<group>"; };
		6DD977791A96FCF600BE04F9 /* memorizerTests.xctest */ = {isa = PBXFileReference; explicitFileType = wrapper.cfbundle; includeInIndex = 0; path = memorizerTests.xctest; sourceTree = BUILT_PRODUCTS_DIR; };
		6DD9777E1A96FCF600BE04F9 /* Info.plist */ = {isa = PBXFileReference; lastKnownFileType = text.plist.xml; path = Info.plist; sourceTree = "<group>"; };
		6DD9777F1A96FCF600BE04F9 /* memorizerTests.m */ = {isa = PBXFileReference; lastKnownFileType = sourcecode.c.objc; path = memorizerTests.m; sourceTree = "<group>"; };
		6DD977891A96FEC700BE04F9 /* WebViewDetail.h */ = {isa = PBXFileReference; fileEncoding = 4; lastKnownFileType = sourcecode.c.h; path = WebViewDetail.h; sourceTree = "<group>"; };
		6DD9778A1A96FEC700BE04F9 /* WebViewDetail.m */ = {isa = PBXFileReference; fileEncoding = 4; lastKnownFileType = sourcecode.c.objc; path = WebViewDetail.m; sourceTree = "<group>"; };
/* End PBXFileReference section */

/* Begin PBXFrameworksBuildPhase section */
		6DD9775D1A96FCF600BE04F9 /* Frameworks */ = {
			isa = PBXFrameworksBuildPhase;
			buildActionMask = 2147483647;
			files = (
			);
			runOnlyForDeploymentPostprocessing = 0;
		};
		6DD977761A96FCF600BE04F9 /* Frameworks */ = {
			isa = PBXFrameworksBuildPhase;
			buildActionMask = 2147483647;
			files = (
			);
			runOnlyForDeploymentPostprocessing = 0;
		};
/* End PBXFrameworksBuildPhase section */

/* Begin PBXGroup section */
		6D83CEA41AAD688700702ACD /* TableViewCustom */ = {
			isa = PBXGroup;
			children = (
				6D83CEA71AAD69C500702ACD /* const */,
			);
			name = TableViewCustom;
			sourceTree = "<group>";
		};
		6D83CEA71AAD69C500702ACD /* const */ = {
			isa = PBXGroup;
			children = (
				6D83CEAB1AAD6A3000702ACD /* Const.h */,
			);
			name = const;
			sourceTree = "<group>";
		};
		6DD977571A96FCF600BE04F9 = {
			isa = PBXGroup;
			children = (
				6DD977621A96FCF600BE04F9 /* memorizer */,
				6DD9777C1A96FCF600BE04F9 /* memorizerTests */,
				6DD977611A96FCF600BE04F9 /* Products */,
			);
			sourceTree = "<group>";
		};
		6DD977611A96FCF600BE04F9 /* Products */ = {
			isa = PBXGroup;
			children = (
				6DD977601A96FCF600BE04F9 /* memorizer.app */,
				6DD977791A96FCF600BE04F9 /* memorizerTests.xctest */,
			);
			name = Products;
			sourceTree = "<group>";
		};
		6DD977621A96FCF600BE04F9 /* memorizer */ = {
			isa = PBXGroup;
			children = (
				6D83CEA41AAD688700702ACD /* TableViewCustom */,
				6D83CEA11AAD66C000702ACD /* CustomTableViewCell.h */,
				6D83CEA21AAD66C000702ACD /* CustomTableViewCell.m */,
				6D83CEA51AAD68E500702ACD /* CustomCell.xib */,
				6D1FB5321AA486EC00B622EE /* Main.storyboard */,
				6DD977671A96FCF600BE04F9 /* AppDelegate.h */,
				6DD977681A96FCF600BE04F9 /* AppDelegate.m */,
				6DD9776A1A96FCF600BE04F9 /* ViewController.h */,
				6DD9776B1A96FCF600BE04F9 /* ViewController.m */,
				6DD977891A96FEC700BE04F9 /* WebViewDetail.h */,
				6DD9778A1A96FEC700BE04F9 /* WebViewDetail.m */,
				6D64DE211A9EFDF600DCE236 /* CopyDetail.h */,
				6D64DE221A9EFDF600DCE236 /* CopyDetail.m */,
				6DC9E05D1AB579E5002F4588 /* TableViewCell2.h */,
				6DC9E05E1AB579E5002F4588 /* TableViewCell2.m */,
				6DC9E0601AB57A5C002F4588 /* customcell2.xib */,
				6DD977701A96FCF600BE04F9 /* Images.xcassets */,
				6DD977721A96FCF600BE04F9 /* LaunchScreen.xib */,
				6DD977631A96FCF600BE04F9 /* Supporting Files */,
			);
			path = memorizer;
			sourceTree = "<group>";
		};
		6DD977631A96FCF600BE04F9 /* Supporting Files */ = {
			isa = PBXGroup;
			children = (
				6DD977641A96FCF600BE04F9 /* Info.plist */,
				6DD977651A96FCF600BE04F9 /* main.m */,
			);
			name = "Supporting Files";
			sourceTree = "<group>";
		};
		6DD9777C1A96FCF600BE04F9 /* memorizerTests */ = {
			isa = PBXGroup;
			children = (
				6DD9777F1A96FCF600BE04F9 /* memorizerTests.m */,
				6DD9777D1A96FCF600BE04F9 /* Supporting Files */,
			);
			path = memorizerTests;
			sourceTree = "<group>";
		};
		6DD9777D1A96FCF600BE04F9 /* Supporting Files */ = {
			isa = PBXGroup;
			children = (
				6DD9777E1A96FCF600BE04F9 /* Info.plist */,
			);
			name = "Supporting Files";
			sourceTree = "<group>";
		};
/* End PBXGroup section */

/* Begin PBXNativeTarget section */
		6DD9775F1A96FCF600BE04F9 /* memorizer */ = {
			isa = PBXNativeTarget;
			buildConfigurationList = 6DD977831A96FCF600BE04F9 /* Build configuration list for PBXNativeTarget "memorizer" */;
			buildPhases = (
				6DD9775C1A96FCF600BE04F9 /* Sources */,
				6DD9775D1A96FCF600BE04F9 /* Frameworks */,
				6DD9775E1A96FCF600BE04F9 /* Resources */,
			);
			buildRules = (
			);
			dependencies = (
			);
			name = memorizer;
			productName = memorizer;
			productReference = 6DD977601A96FCF600BE04F9 /* memorizer.app */;
			productType = "com.apple.product-type.application";
		};
		6DD977781A96FCF600BE04F9 /* memorizerTests */ = {
			isa = PBXNativeTarget;
			buildConfigurationList = 6DD977861A96FCF600BE04F9 /* Build configuration list for PBXNativeTarget "memorizerTests" */;
			buildPhases = (
				6DD977751A96FCF600BE04F9 /* Sources */,
				6DD977761A96FCF600BE04F9 /* Frameworks */,
				6DD977771A96FCF600BE04F9 /* Resources */,
			);
			buildRules = (
			);
			dependencies = (
				6DD9777B1A96FCF600BE04F9 /* PBXTargetDependency */,
			);
			name = memorizerTests;
			productName = memorizerTests;
			productReference = 6DD977791A96FCF600BE04F9 /* memorizerTests.xctest */;
			productType = "com.apple.product-type.bundle.unit-test";
		};
/* End PBXNativeTarget section */

/* Begin PBXProject section */
		6DD977581A96FCF600BE04F9 /* Project object */ = {
			isa = PBXProject;
			attributes = {
				LastUpgradeCheck = 0610;
				ORGANIZATIONNAME = "星野嵩夫";
				TargetAttributes = {
					6DD9775F1A96FCF600BE04F9 = {
						CreatedOnToolsVersion = 6.1.1;
					};
					6DD977781A96FCF600BE04F9 = {
						CreatedOnToolsVersion = 6.1.1;
						TestTargetID = 6DD9775F1A96FCF600BE04F9;
					};
				};
			};
			buildConfigurationList = 6DD9775B1A96FCF600BE04F9 /* Build configuration list for PBXProject "memorizer" */;
			compatibilityVersion = "Xcode 3.2";
			developmentRegion = English;
			hasScannedForEncodings = 0;
			knownRegions = (
				en,
				Base,
			);
			mainGroup = 6DD977571A96FCF600BE04F9;
			productRefGroup = 6DD977611A96FCF600BE04F9 /* Products */;
			projectDirPath = "";
			projectRoot = "";
			targets = (
				6DD9775F1A96FCF600BE04F9 /* memorizer */,
				6DD977781A96FCF600BE04F9 /* memorizerTests */,
			);
		};
/* End PBXProject section */

/* Begin PBXResourcesBuildPhase section */
		6DD9775E1A96FCF600BE04F9 /* Resources */ = {
			isa = PBXResourcesBuildPhase;
			buildActionMask = 2147483647;
			files = (
				6D1FB5331AA486EC00B622EE /* Main.storyboard in Resources */,
				6DD977741A96FCF600BE04F9 /* LaunchScreen.xib in Resources */,
				6DC9E0611AB57A5C002F4588 /* customcell2.xib in Resources */,
				6D83CEA61AAD68E500702ACD /* CustomCell.xib in Resources */,
				6DD977711A96FCF600BE04F9 /* Images.xcassets in Resources */,
			);
			runOnlyForDeploymentPostprocessing = 0;
		};
		6DD977771A96FCF600BE04F9 /* Resources */ = {
			isa = PBXResourcesBuildPhase;
			buildActionMask = 2147483647;
			files = (
			);
			runOnlyForDeploymentPostprocessing = 0;
		};
/* End PBXResourcesBuildPhase section */

/* Begin PBXSourcesBuildPhase section */
		6DD9775C1A96FCF600BE04F9 /* Sources */ = {
			isa = PBXSourcesBuildPhase;
			buildActionMask = 2147483647;
			files = (
				6DD9776C1A96FCF600BE04F9 /* ViewController.m in Sources */,
				6DC9E05F1AB579E5002F4588 /* TableViewCell2.m in Sources */,
				6DD977691A96FCF600BE04F9 /* AppDelegate.m in Sources */,
				6D83CEA31AAD66C000702ACD /* CustomTableViewCell.m in Sources */,
				6DD9778B1A96FEC700BE04F9 /* WebViewDetail.m in Sources */,
				6DD977661A96FCF600BE04F9 /* main.m in Sources */,
				6D64DE231A9EFDF600DCE236 /* CopyDetail.m in Sources */,
			);
			runOnlyForDeploymentPostprocessing = 0;
		};
		6DD977751A96FCF600BE04F9 /* Sources */ = {
			isa = PBXSourcesBuildPhase;
			buildActionMask = 2147483647;
			files = (
				6DD977801A96FCF600BE04F9 /* memorizerTests.m in Sources */,
			);
			runOnlyForDeploymentPostprocessing = 0;
		};
/* End PBXSourcesBuildPhase section */

/* Begin PBXTargetDependency section */
		6DD9777B1A96FCF600BE04F9 /* PBXTargetDependency */ = {
			isa = PBXTargetDependency;
			target = 6DD9775F1A96FCF600BE04F9 /* memorizer */;
			targetProxy = 6DD9777A1A96FCF600BE04F9 /* PBXContainerItemProxy */;
		};
/* End PBXTargetDependency section */

/* Begin PBXVariantGroup section */
		6DD977721A96FCF600BE04F9 /* LaunchScreen.xib */ = {
			isa = PBXVariantGroup;
			children = (
				6DD977731A96FCF600BE04F9 /* Base */,
			);
			name = LaunchScreen.xib;
			sourceTree = "<group>";
		};
/* End PBXVariantGroup section */

/* Begin XCBuildConfiguration section */
		6DD977811A96FCF600BE04F9 /* Debug */ = {
			isa = XCBuildConfiguration;
			buildSettings = {
				ALWAYS_SEARCH_USER_PATHS = NO;
				CLANG_CXX_LANGUAGE_STANDARD = "gnu++0x";
				CLANG_CXX_LIBRARY = "libc++";
				CLANG_ENABLE_MODULES = YES;
				CLANG_ENABLE_OBJC_ARC = YES;
				CLANG_WARN_BOOL_CONVERSION = YES;
				CLANG_WARN_CONSTANT_CONVERSION = YES;
				CLANG_WARN_DIRECT_OBJC_ISA_USAGE = YES_ERROR;
				CLANG_WARN_EMPTY_BODY = YES;
				CLANG_WARN_ENUM_CONVERSION = YES;
				CLANG_WARN_INT_CONVERSION = YES;
				CLANG_WARN_OBJC_ROOT_CLASS = YES_ERROR;
				CLANG_WARN_UNREACHABLE_CODE = YES;
				CLANG_WARN__DUPLICATE_METHOD_MATCH = YES;
				"CODE_SIGN_IDENTITY[sdk=iphoneos*]" = "iPhone Developer";
				COPY_PHASE_STRIP = NO;
				ENABLE_STRICT_OBJC_MSGSEND = YES;
				GCC_C_LANGUAGE_STANDARD = gnu99;
				GCC_DYNAMIC_NO_PIC = NO;
				GCC_OPTIMIZATION_LEVEL = 0;
				GCC_PREPROCESSOR_DEFINITIONS = (
					"DEBUG=1",
					"$(inherited)",
				);
				GCC_SYMBOLS_PRIVATE_EXTERN = NO;
				GCC_WARN_64_TO_32_BIT_CONVERSION = YES;
				GCC_WARN_ABOUT_RETURN_TYPE = YES_ERROR;
				GCC_WARN_UNDECLARED_SELECTOR = YES;
				GCC_WARN_UNINITIALIZED_AUTOS = YES_AGGRESSIVE;
				GCC_WARN_UNUSED_FUNCTION = YES;
				GCC_WARN_UNUSED_VARIABLE = YES;
				IPHONEOS_DEPLOYMENT_TARGET = 8.1;
				MTL_ENABLE_DEBUG_INFO = YES;
				ONLY_ACTIVE_ARCH = YES;
				PROVISIONING_PROFILE = "";
				SDKROOT = iphoneos;
			};
			name = Debug;
		};
		6DD977821A96FCF600BE04F9 /* Release */ = {
			isa = XCBuildConfiguration;
			buildSettings = {
				ALWAYS_SEARCH_USER_PATHS = NO;
				CLANG_CXX_LANGUAGE_STANDARD = "gnu++0x";
				CLANG_CXX_LIBRARY = "libc++";
				CLANG_ENABLE_MODULES = YES;
				CLANG_ENABLE_OBJC_ARC = YES;
				CLANG_WARN_BOOL_CONVERSION = YES;
				CLANG_WARN_CONSTANT_CONVERSION = YES;
				CLANG_WARN_DIRECT_OBJC_ISA_USAGE = YES_ERROR;
				CLANG_WARN_EMPTY_BODY = YES;
				CLANG_WARN_ENUM_CONVERSION = YES;
				CLANG_WARN_INT_CONVERSION = YES;
				CLANG_WARN_OBJC_ROOT_CLASS = YES_ERROR;
				CLANG_WARN_UNREACHABLE_CODE = YES;
				CLANG_WARN__DUPLICATE_METHOD_MATCH = YES;
				CODE_SIGN_IDENTITY = "iPhone Distribution: Takao Hoshino (JG77RR3QVV)";
				"CODE_SIGN_IDENTITY[sdk=iphoneos*]" = "iPhone Developer";
				COPY_PHASE_STRIP = YES;
				ENABLE_NS_ASSERTIONS = NO;
				ENABLE_STRICT_OBJC_MSGSEND = YES;
				GCC_C_LANGUAGE_STANDARD = gnu99;
				GCC_WARN_64_TO_32_BIT_CONVERSION = YES;
				GCC_WARN_ABOUT_RETURN_TYPE = YES_ERROR;
				GCC_WARN_UNDECLARED_SELECTOR = YES;
				GCC_WARN_UNINITIALIZED_AUTOS = YES_AGGRESSIVE;
				GCC_WARN_UNUSED_FUNCTION = YES;
				GCC_WARN_UNUSED_VARIABLE = YES;
				IPHONEOS_DEPLOYMENT_TARGET = 8.1;
				MTL_ENABLE_DEBUG_INFO = NO;
				PROVISIONING_PROFILE = "";
				SDKROOT = iphoneos;
				VALIDATE_PRODUCT = YES;
			};
			name = Release;
		};
		6DD977841A96FCF600BE04F9 /* Debug */ = {
			isa = XCBuildConfiguration;
			buildSettings = {
				ASSETCATALOG_COMPILER_APPICON_NAME = AppIcon;
				INFOPLIST_FILE = memorizer/Info.plist;
				LD_RUNPATH_SEARCH_PATHS = "$(inherited) @executable_path/Frameworks";
				PRODUCT_NAME = "$(TARGET_NAME)";
			};
			name = Debug;
		};
		6DD977851A96FCF600BE04F9 /* Release */ = {
			isa = XCBuildConfiguration;
			buildSettings = {
				ASSETCATALOG_COMPILER_APPICON_NAME = AppIcon;
				INFOPLIST_FILE = memorizer/Info.plist;
				LD_RUNPATH_SEARCH_PATHS = "$(inherited) @executable_path/Frameworks";
				PRODUCT_NAME = "$(TARGET_NAME)";
			};
			name = Release;
		};
		6DD977871A96FCF600BE04F9 /* Debug */ = {
			isa = XCBuildConfiguration;
			buildSettings = {
				BUNDLE_LOADER = "$(TEST_HOST)";
				FRAMEWORK_SEARCH_PATHS = (
					"$(SDKROOT)/Developer/Library/Frameworks",
					"$(inherited)",
				);
				GCC_PREPROCESSOR_DEFINITIONS = (
					"DEBUG=1",
					"$(inherited)",
				);
				INFOPLIST_FILE = memorizerTests/Info.plist;
				LD_RUNPATH_SEARCH_PATHS = "$(inherited) @executable_path/Frameworks @loader_path/Frameworks";
				PRODUCT_NAME = "$(TARGET_NAME)";
				TEST_HOST = "$(BUILT_PRODUCTS_DIR)/memorizer.app/memorizer";
			};
			name = Debug;
		};
		6DD977881A96FCF600BE04F9 /* Release */ = {
			isa = XCBuildConfiguration;
			buildSettings = {
				BUNDLE_LOADER = "$(TEST_HOST)";
				FRAMEWORK_SEARCH_PATHS = (
					"$(SDKROOT)/Developer/Library/Frameworks",
					"$(inherited)",
				);
				INFOPLIST_FILE = memorizerTests/Info.plist;
				LD_RUNPATH_SEARCH_PATHS = "$(inherited) @executable_path/Frameworks @loader_path/Frameworks";
				PRODUCT_NAME = "$(TARGET_NAME)";
				TEST_HOST = "$(BUILT_PRODUCTS_DIR)/memorizer.app/memorizer";
			};
			name = Release;
		};
/* End XCBuildConfiguration section */

/* Begin XCConfigurationList section */
		6DD9775B1A96FCF600BE04F9 /* Build configuration list for PBXProject "memorizer" */ = {
			isa = XCConfigurationList;
			buildConfigurations = (
				6DD977811A96FCF600BE04F9 /* Debug */,
				6DD977821A96FCF600BE04F9 /* Release */,
			);
			defaultConfigurationIsVisible = 0;
			defaultConfigurationName = Release;
		};
		6DD977831A96FCF600BE04F9 /* Build configuration list for PBXNativeTarget "memorizer" */ = {
			isa = XCConfigurationList;
			buildConfigurations = (
				6DD977841A96FCF600BE04F9 /* Debug */,
				6DD977851A96FCF600BE04F9 /* Release */,
			);
			defaultConfigurationIsVisible = 0;
			defaultConfigurationName = Release;
		};
		6DD977861A96FCF600BE04F9 /* Build configuration list for PBXNativeTarget "memorizerTests" */ = {
			isa = XCConfigurationList;
			buildConfigurations = (
				6DD977871A96FCF600BE04F9 /* Debug */,
				6DD977881A96FCF600BE04F9 /* Release */,
			);
			defaultConfigurationIsVisible = 0;
			defaultConfigurationName = Release;
		};
/* End XCConfigurationList section */
	};
	rootObject = 6DD977581A96FCF600BE04F9 /* Project object */;
}
